
Microsoft Visual Studio Solution File, Format Version 12.00
# Visual Studio Version 17
VisualStudioVersion = 17.3.32929.385
MinimumVisualStudioVersion = 10.0.40219.1
Project("{9A19103F-16F7-4668-BE54-9A1E7A4F7556}") = "MeetCoVideoStreamingWebApi", "ProctorExamineeVideoStreaming\MeetCoVideoStreamingWebApi.csproj", "{F117E7A7-F653-4FB7-9573-62F209D24854}"
EndProject
Global
	GlobalSection(SolutionConfigurationPlatforms) = preSolution
		Debug|Any CPU = Debug|Any CPU
		Release|Any CPU = Release|Any CPU
	EndGlobalSection
	GlobalSection(ProjectConfigurationPlatforms) = postSolution
		{F117E7A7-F653-4FB7-9573-62F209D24854}.Debug|Any CPU.ActiveCfg = Debug|Any CPU
		{F117E7A7-F653-4FB7-9573-62F209D24854}.Debug|Any CPU.Build.0 = Debug|Any CPU
		{F117E7A7-F653-4FB7-9573-62F209D24854}.Release|Any CPU.ActiveCfg = Release|Any CPU
		{F117E7A7-F653-4FB7-9573-62F209D24854}.Release|Any CPU.Build.0 = Release|Any CPU
	EndGlobalSection
	GlobalSection(SolutionProperties) = preSolution
		HideSolutionNode = FALSE
	EndGlobalSection
	GlobalSection(ExtensibilityGlobals) = postSolution
		SolutionGuid = {9375943C-61FC-4D3B-AE65-262BB0ADAB9B}
	EndGlobalSection
EndGlobal
